
Microsoft Visual Studio Solution File, Format Version 12.00
# Visual Studio 15
VisualStudioVersion = 15.0.27703.2035
MinimumVisualStudioVersion = 10.0.40219.1
Project("{FAE04EC0-301F-11D3-BF4B-00C04F79EFBC}") = "Mvc_PagedList_FNH_3L", "Mvc_PagedList_FNH_3L\Mvc_PagedList_FNH_3L.csproj", "{9849E1A2-9A6F-4A59-9DD7-78BD3848E1FB}"
EndProject
Project("{FAE04EC0-301F-11D3-BF4B-00C04F79EFBC}") = "Mvc_PagedList_FNH_3L.Servico", "Mvc_PagedList_FNH_3L.Servico\Mvc_PagedList_FNH_3L.Servico.csproj", "{BD10E3E8-2760-48F9-8607-257BAA87E18F}"
EndProject
Project("{FAE04EC0-301F-11D3-BF4B-00C04F79EFBC}") = "Mvc_PagedList_FNH_3L.Repositorio", "Mvc_PagedList_FNH_3L.Repositorio\Mvc_PagedList_FNH_3L.Repositorio.csproj", "{850EF888-C7AF-415C-A5FA-E777F297A3A1}"
EndProject
Project("{FAE04EC0-301F-11D3-BF4B-00C04F79EFBC}") = "Mvc_PagedList_FNH_3L.Modelo", "Mvc_PagedList_FNH_3L.Modelo\Mvc_PagedList_FNH_3L.Modelo.csproj", "{F5F23546-3153-49E0-999E-CC7AEF78A243}"
EndProject
Global
	GlobalSection(SolutionConfigurationPlatforms) = preSolution
		Debug|Any CPU = Debug|Any CPU
		Release|Any CPU = Release|Any CPU
	EndGlobalSection
	GlobalSection(ProjectConfigurationPlatforms) = postSolution
		{9849E1A2-9A6F-4A59-9DD7-78BD3848E1FB}.Debug|Any CPU.ActiveCfg = Debug|Any CPU
		{9849E1A2-9A6F-4A59-9DD7-78BD3848E1FB}.Debug|Any CPU.Build.0 = Debug|Any CPU
		{9849E1A2-9A6F-4A59-9DD7-78BD3848E1FB}.Release|Any CPU.ActiveCfg = Release|Any CPU
		{9849E1A2-9A6F-4A59-9DD7-78BD3848E1FB}.Release|Any CPU.Build.0 = Release|Any CPU
		{BD10E3E8-2760-48F9-8607-257BAA87E18F}.Debug|Any CPU.ActiveCfg = Debug|Any CPU
		{BD10E3E8-2760-48F9-8607-257BAA87E18F}.Debug|Any CPU.Build.0 = Debug|Any CPU
		{BD10E3E8-2760-48F9-8607-257BAA87E18F}.Release|Any CPU.ActiveCfg = Release|Any CPU
		{BD10E3E8-2760-48F9-8607-257BAA87E18F}.Release|Any CPU.Build.0 = Release|Any CPU
		{850EF888-C7AF-415C-A5FA-E777F297A3A1}.Debug|Any CPU.ActiveCfg = Debug|Any CPU
		{850EF888-C7AF-415C-A5FA-E777F297A3A1}.Debug|Any CPU.Build.0 = Debug|Any CPU
		{850EF888-C7AF-415C-A5FA-E777F297A3A1}.Release|Any CPU.ActiveCfg = Release|Any CPU
		{850EF888-C7AF-415C-A5FA-E777F297A3A1}.Release|Any CPU.Build.0 = Release|Any CPU
		{F5F23546-3153-49E0-999E-CC7AEF78A243}.Debug|Any CPU.ActiveCfg = Debug|Any CPU
		{F5F23546-3153-49E0-999E-CC7AEF78A243}.Debug|Any CPU.Build.0 = Debug|Any CPU
		{F5F23546-3153-49E0-999E-CC7AEF78A243}.Release|Any CPU.ActiveCfg = Release|Any CPU
		{F5F23546-3153-49E0-999E-CC7AEF78A243}.Release|Any CPU.Build.0 = Release|Any CPU
	EndGlobalSection
	GlobalSection(SolutionProperties) = preSolution
		HideSolutionNode = FALSE
	EndGlobalSection
	GlobalSection(ExtensibilityGlobals) = postSolution
		SolutionGuid = {76D3DF3D-45AF-451A-9E7F-7DEEE0756155}
	EndGlobalSection
EndGlobal
